// !$*UTF8*$!
{
	archiveVersion = 1;
	classes = {
	};
	objectVersion = 50;
	objects = {

/* Begin PBXBuildFile section */
		F203311B23A7AD0300F24BD5 /* AppDelegate.swift in Sources */ = {isa = PBXBuildFile; fileRef = F203311A23A7AD0300F24BD5 /* AppDelegate.swift */; };
		F203312223A7AD0300F24BD5 /* Main.storyboard in Resources */ = {isa = PBXBuildFile; fileRef = F203312023A7AD0300F24BD5 /* Main.storyboard */; };
		F203312423A7AD0300F24BD5 /* Assets.xcassets in Resources */ = {isa = PBXBuildFile; fileRef = F203312323A7AD0300F24BD5 /* Assets.xcassets */; };
		F203312723A7AD0300F24BD5 /* LaunchScreen.storyboard in Resources */ = {isa = PBXBuildFile; fileRef = F203312523A7AD0300F24BD5 /* LaunchScreen.storyboard */; };
		F203313223A7AD0300F24BD5 /* WebFilmChallangeTests.swift in Sources */ = {isa = PBXBuildFile; fileRef = F203313123A7AD0300F24BD5 /* WebFilmChallangeTests.swift */; };
		F203313D23A7AD0300F24BD5 /* WebFilmChallangeUITests.swift in Sources */ = {isa = PBXBuildFile; fileRef = F203313C23A7AD0300F24BD5 /* WebFilmChallangeUITests.swift */; };
		F203314C23A7ADFC00F24BD5 /* WebFilm.swift in Sources */ = {isa = PBXBuildFile; fileRef = F203314B23A7ADFC00F24BD5 /* WebFilm.swift */; };
		F203314E23A7C34C00F24BD5 /* WebFilmProxy.swift in Sources */ = {isa = PBXBuildFile; fileRef = F203314D23A7C34C00F24BD5 /* WebFilmProxy.swift */; };
		F203315123A7C95200F24BD5 /* URLHelper.swift in Sources */ = {isa = PBXBuildFile; fileRef = F203315023A7C95200F24BD5 /* URLHelper.swift */; };
		F203315323A7C97600F24BD5 /* AppConstants.swift in Sources */ = {isa = PBXBuildFile; fileRef = F203315223A7C97600F24BD5 /* AppConstants.swift */; };
		F203315423AA13F500F24BD5 /* URLHelper.swift in Sources */ = {isa = PBXBuildFile; fileRef = F203315023A7C95200F24BD5 /* URLHelper.swift */; };
		F203315523AA141D00F24BD5 /* AppConstants.swift in Sources */ = {isa = PBXBuildFile; fileRef = F203315223A7C97600F24BD5 /* AppConstants.swift */; };
		F203315723AA142600F24BD5 /* WebFilmProxy.swift in Resources */ = {isa = PBXBuildFile; fileRef = F203314D23A7C34C00F24BD5 /* WebFilmProxy.swift */; };
		F2872ABC23AB79BF00A62BD3 /* FilmWebProtocol.swift in Sources */ = {isa = PBXBuildFile; fileRef = F2872ABB23AB79BF00A62BD3 /* FilmWebProtocol.swift */; };
		F2872ABE23ABC9F200A62BD3 /* FilmDetailsView.swift in Sources */ = {isa = PBXBuildFile; fileRef = F2872ABD23ABC9F200A62BD3 /* FilmDetailsView.swift */; };
		F2872AC223ABCF3600A62BD3 /* FilmDetailsViewController.swift in Sources */ = {isa = PBXBuildFile; fileRef = F2872AC123ABCF3600A62BD3 /* FilmDetailsViewController.swift */; };
		F2D8080C23AA6A21005523D5 /* FilmListViewController.swift in Sources */ = {isa = PBXBuildFile; fileRef = F2D8080B23AA6A21005523D5 /* FilmListViewController.swift */; };
		F2D8081023AA6A74005523D5 /* FilmListView.swift in Sources */ = {isa = PBXBuildFile; fileRef = F2D8080F23AA6A74005523D5 /* FilmListView.swift */; };
		F2D8081723AA7550005523D5 /* Localizable.strings in Resources */ = {isa = PBXBuildFile; fileRef = F2D8081523AA7550005523D5 /* Localizable.strings */; };
		F2D8081923AA75A7005523D5 /* FilmListTableViewCell.swift in Sources */ = {isa = PBXBuildFile; fileRef = F2D8081823AA75A7005523D5 /* FilmListTableViewCell.swift */; };
/* End PBXBuildFile section */

/* Begin PBXContainerItemProxy section */
		F203312E23A7AD0300F24BD5 /* PBXContainerItemProxy */ = {
			isa = PBXContainerItemProxy;
			containerPortal = F203310F23A7AD0300F24BD5 /* Project object */;
			proxyType = 1;
			remoteGlobalIDString = F203311623A7AD0300F24BD5;
			remoteInfo = WebFilmChallange;
		};
		F203313923A7AD0300F24BD5 /* PBXContainerItemProxy */ = {
			isa = PBXContainerItemProxy;
			containerPortal = F203310F23A7AD0300F24BD5 /* Project object */;
			proxyType = 1;
			remoteGlobalIDString = F203311623A7AD0300F24BD5;
			remoteInfo = WebFilmChallange;
		};
/* End PBXContainerItemProxy section */

/* Begin PBXFileReference section */
		F203311723A7AD0300F24BD5 /* WebFilmChallange.app */ = {isa = PBXFileReference; explicitFileType = wrapper.application; includeInIndex = 0; path = WebFilmChallange.app; sourceTree = BUILT_PRODUCTS_DIR; };
		F203311A23A7AD0300F24BD5 /* AppDelegate.swift */ = {isa = PBXFileReference; lastKnownFileType = sourcecode.swift; path = AppDelegate.swift; sourceTree = "<group>"; };
		F203312123A7AD0300F24BD5 /* Base */ = {isa = PBXFileReference; lastKnownFileType = file.storyboard; name = Base; path = Base.lproj/Main.storyboard; sourceTree = "<group>"; };
		F203312323A7AD0300F24BD5 /* Assets.xcassets */ = {isa = PBXFileReference; lastKnownFileType = folder.assetcatalog; path = Assets.xcassets; sourceTree = "<group>"; };
		F203312623A7AD0300F24BD5 /* Base */ = {isa = PBXFileReference; lastKnownFileType = file.storyboard; name = Base; path = Base.lproj/LaunchScreen.storyboard; sourceTree = "<group>"; };
		F203312823A7AD0300F24BD5 /* Info.plist */ = {isa = PBXFileReference; lastKnownFileType = text.plist.xml; path = Info.plist; sourceTree = "<group>"; };
		F203312D23A7AD0300F24BD5 /* WebFilmChallangeTests.xctest */ = {isa = PBXFileReference; explicitFileType = wrapper.cfbundle; includeInIndex = 0; path = WebFilmChallangeTests.xctest; sourceTree = BUILT_PRODUCTS_DIR; };
		F203313123A7AD0300F24BD5 /* WebFilmChallangeTests.swift */ = {isa = PBXFileReference; lastKnownFileType = sourcecode.swift; path = WebFilmChallangeTests.swift; sourceTree = "<group>"; };
		F203313323A7AD0300F24BD5 /* Info.plist */ = {isa = PBXFileReference; lastKnownFileType = text.plist.xml; path = Info.plist; sourceTree = "<group>"; };
		F203313823A7AD0300F24BD5 /* WebFilmChallangeUITests.xctest */ = {isa = PBXFileReference; explicitFileType = wrapper.cfbundle; includeInIndex = 0; path = WebFilmChallangeUITests.xctest; sourceTree = BUILT_PRODUCTS_DIR; };
		F203313C23A7AD0300F24BD5 /* WebFilmChallangeUITests.swift */ = {isa = PBXFileReference; lastKnownFileType = sourcecode.swift; path = WebFilmChallangeUITests.swift; sourceTree = "<group>"; };
		F203313E23A7AD0300F24BD5 /* Info.plist */ = {isa = PBXFileReference; lastKnownFileType = text.plist.xml; path = Info.plist; sourceTree = "<group>"; };
		F203314B23A7ADFC00F24BD5 /* WebFilm.swift */ = {isa = PBXFileReference; lastKnownFileType = sourcecode.swift; path = WebFilm.swift; sourceTree = "<group>"; };
		F203314D23A7C34C00F24BD5 /* WebFilmProxy.swift */ = {isa = PBXFileReference; lastKnownFileType = sourcecode.swift; path = WebFilmProxy.swift; sourceTree = "<group>"; };
		F203315023A7C95200F24BD5 /* URLHelper.swift */ = {isa = PBXFileReference; lastKnownFileType = sourcecode.swift; path = URLHelper.swift; sourceTree = "<group>"; };
		F203315223A7C97600F24BD5 /* AppConstants.swift */ = {isa = PBXFileReference; lastKnownFileType = sourcecode.swift; path = AppConstants.swift; sourceTree = "<group>"; };
		F2872ABB23AB79BF00A62BD3 /* FilmWebProtocol.swift */ = {isa = PBXFileReference; lastKnownFileType = sourcecode.swift; path = FilmWebProtocol.swift; sourceTree = "<group>"; };
		F2872ABD23ABC9F200A62BD3 /* FilmDetailsView.swift */ = {isa = PBXFileReference; lastKnownFileType = sourcecode.swift; path = FilmDetailsView.swift; sourceTree = "<group>"; };
		F2872AC123ABCF3600A62BD3 /* FilmDetailsViewController.swift */ = {isa = PBXFileReference; lastKnownFileType = sourcecode.swift; path = FilmDetailsViewController.swift; sourceTree = "<group>"; };
		F2D8080B23AA6A21005523D5 /* FilmListViewController.swift */ = {isa = PBXFileReference; lastKnownFileType = sourcecode.swift; path = FilmListViewController.swift; sourceTree = "<group>"; };
		F2D8080F23AA6A74005523D5 /* FilmListView.swift */ = {isa = PBXFileReference; lastKnownFileType = sourcecode.swift; path = FilmListView.swift; sourceTree = "<group>"; };
		F2D8081623AA7550005523D5 /* Base */ = {isa = PBXFileReference; lastKnownFileType = text.plist.strings; name = Base; path = Base.lproj/Localizable.strings; sourceTree = "<group>"; };
		F2D8081823AA75A7005523D5 /* FilmListTableViewCell.swift */ = {isa = PBXFileReference; lastKnownFileType = sourcecode.swift; path = FilmListTableViewCell.swift; sourceTree = "<group>"; };
/* End PBXFileReference section */

/* Begin PBXFrameworksBuildPhase section */
		F203311423A7AD0300F24BD5 /* Frameworks */ = {
			isa = PBXFrameworksBuildPhase;
			buildActionMask = 2147483647;
			files = (
			);
			runOnlyForDeploymentPostprocessing = 0;
		};
		F203312A23A7AD0300F24BD5 /* Frameworks */ = {
			isa = PBXFrameworksBuildPhase;
			buildActionMask = 2147483647;
			files = (
			);
			runOnlyForDeploymentPostprocessing = 0;
		};
		F203313523A7AD0300F24BD5 /* Frameworks */ = {
			isa = PBXFrameworksBuildPhase;
			buildActionMask = 2147483647;
			files = (
			);
			runOnlyForDeploymentPostprocessing = 0;
		};
/* End PBXFrameworksBuildPhase section */

/* Begin PBXGroup section */
		F203310E23A7AD0300F24BD5 = {
			isa = PBXGroup;
			children = (
				F203311923A7AD0300F24BD5 /* WebFilmChallange */,
				F203313023A7AD0300F24BD5 /* WebFilmChallangeTests */,
				F203313B23A7AD0300F24BD5 /* WebFilmChallangeUITests */,
				F203311823A7AD0300F24BD5 /* Products */,
			);
			sourceTree = "<group>";
		};
		F203311823A7AD0300F24BD5 /* Products */ = {
			isa = PBXGroup;
			children = (
				F203311723A7AD0300F24BD5 /* WebFilmChallange.app */,
				F203312D23A7AD0300F24BD5 /* WebFilmChallangeTests.xctest */,
				F203313823A7AD0300F24BD5 /* WebFilmChallangeUITests.xctest */,
			);
			name = Products;
			sourceTree = "<group>";
		};
		F203311923A7AD0300F24BD5 /* WebFilmChallange */ = {
			isa = PBXGroup;
			children = (
				F2D8081523AA7550005523D5 /* Localizable.strings */,
				F2D8080723AA69B0005523D5 /* View */,
				F2D8080823AA69BC005523D5 /* ViewController */,
				F203314A23A7AD6300F24BD5 /* Model */,
				F2872ABA23AB798400A62BD3 /* Protocol */,
				F203314F23A7C90E00F24BD5 /* Utils */,
				F203311A23A7AD0300F24BD5 /* AppDelegate.swift */,
				F203315223A7C97600F24BD5 /* AppConstants.swift */,
				F203312023A7AD0300F24BD5 /* Main.storyboard */,
				F203312323A7AD0300F24BD5 /* Assets.xcassets */,
				F203312523A7AD0300F24BD5 /* LaunchScreen.storyboard */,
				F203312823A7AD0300F24BD5 /* Info.plist */,
			);
			path = WebFilmChallange;
			sourceTree = "<group>";
		};
		F203313023A7AD0300F24BD5 /* WebFilmChallangeTests */ = {
			isa = PBXGroup;
			children = (
				F203313123A7AD0300F24BD5 /* WebFilmChallangeTests.swift */,
				F203313323A7AD0300F24BD5 /* Info.plist */,
			);
			path = WebFilmChallangeTests;
			sourceTree = "<group>";
		};
		F203313B23A7AD0300F24BD5 /* WebFilmChallangeUITests */ = {
			isa = PBXGroup;
			children = (
				F203313C23A7AD0300F24BD5 /* WebFilmChallangeUITests.swift */,
				F203313E23A7AD0300F24BD5 /* Info.plist */,
			);
			path = WebFilmChallangeUITests;
			sourceTree = "<group>";
		};
		F203314A23A7AD6300F24BD5 /* Model */ = {
			isa = PBXGroup;
			children = (
				F203314B23A7ADFC00F24BD5 /* WebFilm.swift */,
				F203314D23A7C34C00F24BD5 /* WebFilmProxy.swift */,
			);
			path = Model;
			sourceTree = "<group>";
		};
		F203314F23A7C90E00F24BD5 /* Utils */ = {
			isa = PBXGroup;
			children = (
				F203315023A7C95200F24BD5 /* URLHelper.swift */,
			);
			path = Utils;
			sourceTree = "<group>";
		};
		F2872ABA23AB798400A62BD3 /* Protocol */ = {
			isa = PBXGroup;
			children = (
				F2872ABB23AB79BF00A62BD3 /* FilmWebProtocol.swift */,
			);
			path = Protocol;
			sourceTree = "<group>";
		};
		F2D8080723AA69B0005523D5 /* View */ = {
			isa = PBXGroup;
			children = (
				F2D8080F23AA6A74005523D5 /* FilmListView.swift */,
				F2D8081823AA75A7005523D5 /* FilmListTableViewCell.swift */,
				F2872ABD23ABC9F200A62BD3 /* FilmDetailsView.swift */,
			);
			path = View;
			sourceTree = "<group>";
		};
		F2D8080823AA69BC005523D5 /* ViewController */ = {
			isa = PBXGroup;
			children = (
				F2D8080B23AA6A21005523D5 /* FilmListViewController.swift */,
				F2872AC123ABCF3600A62BD3 /* FilmDetailsViewController.swift */,
			);
			path = ViewController;
			sourceTree = "<group>";
		};
/* End PBXGroup section */

/* Begin PBXNativeTarget section */
		F203311623A7AD0300F24BD5 /* WebFilmChallange */ = {
			isa = PBXNativeTarget;
			buildConfigurationList = F203314123A7AD0300F24BD5 /* Build configuration list for PBXNativeTarget "WebFilmChallange" */;
			buildPhases = (
				F203311323A7AD0300F24BD5 /* Sources */,
				F203311423A7AD0300F24BD5 /* Frameworks */,
				F203311523A7AD0300F24BD5 /* Resources */,
			);
			buildRules = (
			);
			dependencies = (
			);
			name = WebFilmChallange;
			productName = WebFilmChallange;
			productReference = F203311723A7AD0300F24BD5 /* WebFilmChallange.app */;
			productType = "com.apple.product-type.application";
		};
		F203312C23A7AD0300F24BD5 /* WebFilmChallangeTests */ = {
			isa = PBXNativeTarget;
			buildConfigurationList = F203314423A7AD0300F24BD5 /* Build configuration list for PBXNativeTarget "WebFilmChallangeTests" */;
			buildPhases = (
				F203312923A7AD0300F24BD5 /* Sources */,
				F203312A23A7AD0300F24BD5 /* Frameworks */,
				F203312B23A7AD0300F24BD5 /* Resources */,
			);
			buildRules = (
			);
			dependencies = (
				F203312F23A7AD0300F24BD5 /* PBXTargetDependency */,
			);
			name = WebFilmChallangeTests;
			productName = WebFilmChallangeTests;
			productReference = F203312D23A7AD0300F24BD5 /* WebFilmChallangeTests.xctest */;
			productType = "com.apple.product-type.bundle.unit-test";
		};
		F203313723A7AD0300F24BD5 /* WebFilmChallangeUITests */ = {
			isa = PBXNativeTarget;
			buildConfigurationList = F203314723A7AD0300F24BD5 /* Build configuration list for PBXNativeTarget "WebFilmChallangeUITests" */;
			buildPhases = (
				F203313423A7AD0300F24BD5 /* Sources */,
				F203313523A7AD0300F24BD5 /* Frameworks */,
				F203313623A7AD0300F24BD5 /* Resources */,
			);
			buildRules = (
			);
			dependencies = (
				F203313A23A7AD0300F24BD5 /* PBXTargetDependency */,
			);
			name = WebFilmChallangeUITests;
			productName = WebFilmChallangeUITests;
			productReference = F203313823A7AD0300F24BD5 /* WebFilmChallangeUITests.xctest */;
			productType = "com.apple.product-type.bundle.ui-testing";
		};
/* End PBXNativeTarget section */

/* Begin PBXProject section */
		F203310F23A7AD0300F24BD5 /* Project object */ = {
			isa = PBXProject;
			attributes = {
				LastSwiftUpdateCheck = 1130;
				LastUpgradeCheck = 1130;
				ORGANIZATIONNAME = "Piotr Buczma";
				TargetAttributes = {
					F203311623A7AD0300F24BD5 = {
						CreatedOnToolsVersion = 11.3;
					};
					F203312C23A7AD0300F24BD5 = {
						CreatedOnToolsVersion = 11.3;
						TestTargetID = F203311623A7AD0300F24BD5;
					};
					F203313723A7AD0300F24BD5 = {
						CreatedOnToolsVersion = 11.3;
						TestTargetID = F203311623A7AD0300F24BD5;
					};
				};
			};
			buildConfigurationList = F203311223A7AD0300F24BD5 /* Build configuration list for PBXProject "WebFilmChallange" */;
			compatibilityVersion = "Xcode 9.3";
			developmentRegion = en;
			hasScannedForEncodings = 0;
			knownRegions = (
				en,
				Base,
			);
			mainGroup = F203310E23A7AD0300F24BD5;
			productRefGroup = F203311823A7AD0300F24BD5 /* Products */;
			projectDirPath = "";
			projectRoot = "";
			targets = (
				F203311623A7AD0300F24BD5 /* WebFilmChallange */,
				F203312C23A7AD0300F24BD5 /* WebFilmChallangeTests */,
				F203313723A7AD0300F24BD5 /* WebFilmChallangeUITests */,
			);
		};
/* End PBXProject section */

/* Begin PBXResourcesBuildPhase section */
		F203311523A7AD0300F24BD5 /* Resources */ = {
			isa = PBXResourcesBuildPhase;
			buildActionMask = 2147483647;
			files = (
				F203312723A7AD0300F24BD5 /* LaunchScreen.storyboard in Resources */,
				F2D8081723AA7550005523D5 /* Localizable.strings in Resources */,
				F203312423A7AD0300F24BD5 /* Assets.xcassets in Resources */,
				F203312223A7AD0300F24BD5 /* Main.storyboard in Resources */,
			);
			runOnlyForDeploymentPostprocessing = 0;
		};
		F203312B23A7AD0300F24BD5 /* Resources */ = {
			isa = PBXResourcesBuildPhase;
			buildActionMask = 2147483647;
			files = (
				F203315723AA142600F24BD5 /* WebFilmProxy.swift in Resources */,
			);
			runOnlyForDeploymentPostprocessing = 0;
		};
		F203313623A7AD0300F24BD5 /* Resources */ = {
			isa = PBXResourcesBuildPhase;
			buildActionMask = 2147483647;
			files = (
			);
			runOnlyForDeploymentPostprocessing = 0;
		};
/* End PBXResourcesBuildPhase section */

/* Begin PBXSourcesBuildPhase section */
		F203311323A7AD0300F24BD5 /* Sources */ = {
			isa = PBXSourcesBuildPhase;
			buildActionMask = 2147483647;
			files = (
				F2D8081923AA75A7005523D5 /* FilmListTableViewCell.swift in Sources */,
				F2872ABE23ABC9F200A62BD3 /* FilmDetailsView.swift in Sources */,
				F2D8081023AA6A74005523D5 /* FilmListView.swift in Sources */,
				F203311B23A7AD0300F24BD5 /* AppDelegate.swift in Sources */,
				F2872ABC23AB79BF00A62BD3 /* FilmWebProtocol.swift in Sources */,
				F203314C23A7ADFC00F24BD5 /* WebFilm.swift in Sources */,
				F2872AC223ABCF3600A62BD3 /* FilmDetailsViewController.swift in Sources */,
				F203315123A7C95200F24BD5 /* URLHelper.swift in Sources */,
				F2D8080C23AA6A21005523D5 /* FilmListViewController.swift in Sources */,
				F203315323A7C97600F24BD5 /* AppConstants.swift in Sources */,
				F203314E23A7C34C00F24BD5 /* WebFilmProxy.swift in Sources */,
			);
			runOnlyForDeploymentPostprocessing = 0;
		};
		F203312923A7AD0300F24BD5 /* Sources */ = {
			isa = PBXSourcesBuildPhase;
			buildActionMask = 2147483647;
			files = (
				F203313223A7AD0300F24BD5 /* WebFilmChallangeTests.swift in Sources */,
				F203315523AA141D00F24BD5 /* AppConstants.swift in Sources */,
				F203315423AA13F500F24BD5 /* URLHelper.swift in Sources */,
			);
			runOnlyForDeploymentPostprocessing = 0;
		};
		F203313423A7AD0300F24BD5 /* Sources */ = {
			isa = PBXSourcesBuildPhase;
			buildActionMask = 2147483647;
			files = (
				F203313D23A7AD0300F24BD5 /* WebFilmChallangeUITests.swift in Sources */,
			);
			runOnlyForDeploymentPostprocessing = 0;
		};
/* End PBXSourcesBuildPhase section */

/* Begin PBXTargetDependency section */
		F203312F23A7AD0300F24BD5 /* PBXTargetDependency */ = {
			isa = PBXTargetDependency;
			target = F203311623A7AD0300F24BD5 /* WebFilmChallange */;
			targetProxy = F203312E23A7AD0300F24BD5 /* PBXContainerItemProxy */;
		};
		F203313A23A7AD0300F24BD5 /* PBXTargetDependency */ = {
			isa = PBXTargetDependency;
			target = F203311623A7AD0300F24BD5 /* WebFilmChallange */;
			targetProxy = F203313923A7AD0300F24BD5 /* PBXContainerItemProxy */;
		};
/* End PBXTargetDependency section */

/* Begin PBXVariantGroup section */
		F203312023A7AD0300F24BD5 /* Main.storyboard */ = {
			isa = PBXVariantGroup;
			children = (
				F203312123A7AD0300F24BD5 /* Base */,
			);
			name = Main.storyboard;
			sourceTree = "<group>";
		};
		F203312523A7AD0300F24BD5 /* LaunchScreen.storyboard */ = {
			isa = PBXVariantGroup;
			children = (
				F203312623A7AD0300F24BD5 /* Base */,
			);
			name = LaunchScreen.storyboard;
			sourceTree = "<group>";
		};
		F2D8081523AA7550005523D5 /* Localizable.strings */ = {
			isa = PBXVariantGroup;
			children = (
				F2D8081623AA7550005523D5 /* Base */,
			);
			name = Localizable.strings;
			sourceTree = "<group>";
		};
/* End PBXVariantGroup section */

/* Begin XCBuildConfiguration section */
		F203313F23A7AD0300F24BD5 /* Debug */ = {
			isa = XCBuildConfiguration;
			buildSettings = {
				ALWAYS_SEARCH_USER_PATHS = NO;
				CLANG_ANALYZER_LOCALIZABILITY_NONLOCALIZED = YES;
				CLANG_ANALYZER_NONNULL = YES;
				CLANG_ANALYZER_NUMBER_OBJECT_CONVERSION = YES_AGGRESSIVE;
				CLANG_CXX_LANGUAGE_STANDARD = "gnu++14";
				CLANG_CXX_LIBRARY = "libc++";
				CLANG_ENABLE_MODULES = YES;
				CLANG_ENABLE_OBJC_ARC = YES;
				CLANG_ENABLE_OBJC_WEAK = YES;
				CLANG_WARN_BLOCK_CAPTURE_AUTORELEASING = YES;
				CLANG_WARN_BOOL_CONVERSION = YES;
				CLANG_WARN_COMMA = YES;
				CLANG_WARN_CONSTANT_CONVERSION = YES;
				CLANG_WARN_DEPRECATED_OBJC_IMPLEMENTATIONS = YES;
				CLANG_WARN_DIRECT_OBJC_ISA_USAGE = YES_ERROR;
				CLANG_WARN_DOCUMENTATION_COMMENTS = YES;
				CLANG_WARN_EMPTY_BODY = YES;
				CLANG_WARN_ENUM_CONVERSION = YES;
				CLANG_WARN_INFINITE_RECURSION = YES;
				CLANG_WARN_INT_CONVERSION = YES;
				CLANG_WARN_NON_LITERAL_NULL_CONVERSION = YES;
				CLANG_WARN_OBJC_IMPLICIT_RETAIN_SELF = YES;
				CLANG_WARN_OBJC_LITERAL_CONVERSION = YES;
				CLANG_WARN_OBJC_ROOT_CLASS = YES_ERROR;
				CLANG_WARN_RANGE_LOOP_ANALYSIS = YES;
				CLANG_WARN_STRICT_PROTOTYPES = YES;
				CLANG_WARN_SUSPICIOUS_MOVE = YES;
				CLANG_WARN_UNGUARDED_AVAILABILITY = YES_AGGRESSIVE;
				CLANG_WARN_UNREACHABLE_CODE = YES;
				CLANG_WARN__DUPLICATE_METHOD_MATCH = YES;
				COPY_PHASE_STRIP = NO;
				DEBUG_INFORMATION_FORMAT = dwarf;
				ENABLE_STRICT_OBJC_MSGSEND = YES;
				ENABLE_TESTABILITY = YES;
				GCC_C_LANGUAGE_STANDARD = gnu11;
				GCC_DYNAMIC_NO_PIC = NO;
				GCC_NO_COMMON_BLOCKS = YES;
				GCC_OPTIMIZATION_LEVEL = 0;
				GCC_PREPROCESSOR_DEFINITIONS = (
					"DEBUG=1",
					"$(inherited)",
				);
				GCC_WARN_64_TO_32_BIT_CONVERSION = YES;
				GCC_WARN_ABOUT_RETURN_TYPE = YES_ERROR;
				GCC_WARN_UNDECLARED_SELECTOR = YES;
				GCC_WARN_UNINITIALIZED_AUTOS = YES_AGGRESSIVE;
				GCC_WARN_UNUSED_FUNCTION = YES;
				GCC_WARN_UNUSED_VARIABLE = YES;
				IPHONEOS_DEPLOYMENT_TARGET = 10.0;
				MTL_ENABLE_DEBUG_INFO = INCLUDE_SOURCE;
				MTL_FAST_MATH = YES;
				ONLY_ACTIVE_ARCH = YES;
				SDKROOT = iphoneos;
				SWIFT_ACTIVE_COMPILATION_CONDITIONS = DEBUG;
				SWIFT_OPTIMIZATION_LEVEL = "-Onone";
			};
			name = Debug;
		};
		F203314023A7AD0300F24BD5 /* Release */ = {
			isa = XCBuildConfiguration;
			buildSettings = {
				ALWAYS_SEARCH_USER_PATHS = NO;
				CLANG_ANALYZER_LOCALIZABILITY_NONLOCALIZED = YES;
				CLANG_ANALYZER_NONNULL = YES;
				CLANG_ANALYZER_NUMBER_OBJECT_CONVERSION = YES_AGGRESSIVE;
				CLANG_CXX_LANGUAGE_STANDARD = "gnu++14";
				CLANG_CXX_LIBRARY = "libc++";
				CLANG_ENABLE_MODULES = YES;
				CLANG_ENABLE_OBJC_ARC = YES;
				CLANG_ENABLE_OBJC_WEAK = YES;
				CLANG_WARN_BLOCK_CAPTURE_AUTORELEASING = YES;
				CLANG_WARN_BOOL_CONVERSION = YES;
				CLANG_WARN_COMMA = YES;
				CLANG_WARN_CONSTANT_CONVERSION = YES;
				CLANG_WARN_DEPRECATED_OBJC_IMPLEMENTATIONS = YES;
				CLANG_WARN_DIRECT_OBJC_ISA_USAGE = YES_ERROR;
				CLANG_WARN_DOCUMENTATION_COMMENTS = YES;
				CLANG_WARN_EMPTY_BODY = YES;
				CLANG_WARN_ENUM_CONVERSION = YES;
				CLANG_WARN_INFINITE_RECURSION = YES;
				CLANG_WARN_INT_CONVERSION = YES;
				CLANG_WARN_NON_LITERAL_NULL_CONVERSION = YES;
				CLANG_WARN_OBJC_IMPLICIT_RETAIN_SELF = YES;
				CLANG_WARN_OBJC_LITERAL_CONVERSION = YES;
				CLANG_WARN_OBJC_ROOT_CLASS = YES_ERROR;
				CLANG_WARN_RANGE_LOOP_ANALYSIS = YES;
				CLANG_WARN_STRICT_PROTOTYPES = YES;
				CLANG_WARN_SUSPICIOUS_MOVE = YES;
				CLANG_WARN_UNGUARDED_AVAILABILITY = YES_AGGRESSIVE;
				CLANG_WARN_UNREACHABLE_CODE = YES;
				CLANG_WARN__DUPLICATE_METHOD_MATCH = YES;
				COPY_PHASE_STRIP = NO;
				DEBUG_INFORMATION_FORMAT = "dwarf-with-dsym";
				ENABLE_NS_ASSERTIONS = NO;
				ENABLE_STRICT_OBJC_MSGSEND = YES;
				GCC_C_LANGUAGE_STANDARD = gnu11;
				GCC_NO_COMMON_BLOCKS = YES;
				GCC_WARN_64_TO_32_BIT_CONVERSION = YES;
				GCC_WARN_ABOUT_RETURN_TYPE = YES_ERROR;
				GCC_WARN_UNDECLARED_SELECTOR = YES;
				GCC_WARN_UNINITIALIZED_AUTOS = YES_AGGRESSIVE;
				GCC_WARN_UNUSED_FUNCTION = YES;
				GCC_WARN_UNUSED_VARIABLE = YES;
				IPHONEOS_DEPLOYMENT_TARGET = 10.0;
				MTL_ENABLE_DEBUG_INFO = NO;
				MTL_FAST_MATH = YES;
				SDKROOT = iphoneos;
				SWIFT_COMPILATION_MODE = wholemodule;
				SWIFT_OPTIMIZATION_LEVEL = "-O";
				VALIDATE_PRODUCT = YES;
			};
			name = Release;
		};
		F203314223A7AD0300F24BD5 /* Debug */ = {
			isa = XCBuildConfiguration;
			buildSettings = {
				ASSETCATALOG_COMPILER_APPICON_NAME = AppIcon;
				CODE_SIGN_STYLE = Automatic;
				DEVELOPMENT_TEAM = 65XQRZ99Q6;
				INFOPLIST_FILE = WebFilmChallange/Info.plist;
				LD_RUNPATH_SEARCH_PATHS = (
					"$(inherited)",
					"@executable_path/Frameworks",
				);
				PRODUCT_BUNDLE_IDENTIFIER = pl.com.pbsoft.WebFilmChallange;
				PRODUCT_NAME = "$(TARGET_NAME)";
				SWIFT_VERSION = 5.0;
				TARGETED_DEVICE_FAMILY = "1,2";
			};
			name = Debug;
		};
		F203314323A7AD0300F24BD5 /* Release */ = {
			isa = XCBuildConfiguration;
			buildSettings = {
				ASSETCATALOG_COMPILER_APPICON_NAME = AppIcon;
				CODE_SIGN_STYLE = Automatic;
				DEVELOPMENT_TEAM = 65XQRZ99Q6;
				INFOPLIST_FILE = WebFilmChallange/Info.plist;
				LD_RUNPATH_SEARCH_PATHS = (
					"$(inherited)",
					"@executable_path/Frameworks",
				);
				PRODUCT_BUNDLE_IDENTIFIER = pl.com.pbsoft.WebFilmChallange;
				PRODUCT_NAME = "$(TARGET_NAME)";
				SWIFT_VERSION = 5.0;
				TARGETED_DEVICE_FAMILY = "1,2";
			};
			name = Release;
		};
		F203314523A7AD0300F24BD5 /* Debug */ = {
			isa = XCBuildConfiguration;
			buildSettings = {
				ALWAYS_EMBED_SWIFT_STANDARD_LIBRARIES = YES;
				BUNDLE_LOADER = "$(TEST_HOST)";
				CODE_SIGN_STYLE = Automatic;
				DEVELOPMENT_TEAM = 65XQRZ99Q6;
				INFOPLIST_FILE = WebFilmChallangeTests/Info.plist;
				IPHONEOS_DEPLOYMENT_TARGET = 13.2;
				LD_RUNPATH_SEARCH_PATHS = (
					"$(inherited)",
					"@executable_path/Frameworks",
					"@loader_path/Frameworks",
				);
				PRODUCT_BUNDLE_IDENTIFIER = pl.com.pbsoft.WebFilmChallangeTests;
				PRODUCT_NAME = "$(TARGET_NAME)";
				SWIFT_VERSION = 5.0;
				TARGETED_DEVICE_FAMILY = "1,2";
				TEST_HOST = "$(BUILT_PRODUCTS_DIR)/WebFilmChallange.app/WebFilmChallange";
			};
			name = Debug;
		};
		F203314623A7AD0300F24BD5 /* Release */ = {
			isa = XCBuildConfiguration;
			buildSettings = {
				ALWAYS_EMBED_SWIFT_STANDARD_LIBRARIES = YES;
				BUNDLE_LOADER = "$(TEST_HOST)";
				CODE_SIGN_STYLE = Automatic;
				DEVELOPMENT_TEAM = 65XQRZ99Q6;
				INFOPLIST_FILE = WebFilmChallangeTests/Info.plist;
				IPHONEOS_DEPLOYMENT_TARGET = 13.2;
				LD_RUNPATH_SEARCH_PATHS = (
					"$(inherited)",
					"@executable_path/Frameworks",
					"@loader_path/Frameworks",
				);
				PRODUCT_BUNDLE_IDENTIFIER = pl.com.pbsoft.WebFilmChallangeTests;
				PRODUCT_NAME = "$(TARGET_NAME)";
				SWIFT_VERSION = 5.0;
				TARGETED_DEVICE_FAMILY = "1,2";
				TEST_HOST = "$(BUILT_PRODUCTS_DIR)/WebFilmChallange.app/WebFilmChallange";
			};
			name = Release;
		};
		F203314823A7AD0300F24BD5 /* Debug */ = {
			isa = XCBuildConfiguration;
			buildSettings = {
				ALWAYS_EMBED_SWIFT_STANDARD_LIBRARIES = YES;
				CODE_SIGN_STYLE = Automatic;
				DEVELOPMENT_TEAM = 65XQRZ99Q6;
				INFOPLIST_FILE = WebFilmChallangeUITests/Info.plist;
				LD_RUNPATH_SEARCH_PATHS = (
					"$(inherited)",
					"@executable_path/Frameworks",
					"@loader_path/Frameworks",
				);
				PRODUCT_BUNDLE_IDENTIFIER = pl.com.pbsoft.WebFilmChallangeUITests;
				PRODUCT_NAME = "$(TARGET_NAME)";
				SWIFT_VERSION = 5.0;
				TARGETED_DEVICE_FAMILY = "1,2";
				TEST_TARGET_NAME = WebFilmChallange;
			};
			name = Debug;
		};
		F203314923A7AD0300F24BD5 /* Release */ = {
			isa = XCBuildConfiguration;
			buildSettings = {
				ALWAYS_EMBED_SWIFT_STANDARD_LIBRARIES = YES;
				CODE_SIGN_STYLE = Automatic;
				DEVELOPMENT_TEAM = 65XQRZ99Q6;
				INFOPLIST_FILE = WebFilmChallangeUITests/Info.plist;
				LD_RUNPATH_SEARCH_PATHS = (
					"$(inherited)",
					"@executable_path/Frameworks",
					"@loader_path/Frameworks",
				);
				PRODUCT_BUNDLE_IDENTIFIER = pl.com.pbsoft.WebFilmChallangeUITests;
				PRODUCT_NAME = "$(TARGET_NAME)";
				SWIFT_VERSION = 5.0;
				TARGETED_DEVICE_FAMILY = "1,2";
				TEST_TARGET_NAME = WebFilmChallange;
			};
			name = Release;
		};
/* End XCBuildConfiguration section */

/* Begin XCConfigurationList section */
		F203311223A7AD0300F24BD5 /* Build configuration list for PBXProject "WebFilmChallange" */ = {
			isa = XCConfigurationList;
			buildConfigurations = (
				F203313F23A7AD0300F24BD5 /* Debug */,
				F203314023A7AD0300F24BD5 /* Release */,
			);
			defaultConfigurationIsVisible = 0;
			defaultConfigurationName = Release;
		};
		F203314123A7AD0300F24BD5 /* Build configuration list for PBXNativeTarget "WebFilmChallange" */ = {
			isa = XCConfigurationList;
			buildConfigurations = (
				F203314223A7AD0300F24BD5 /* Debug */,
				F203314323A7AD0300F24BD5 /* Release */,
			);
			defaultConfigurationIsVisible = 0;
			defaultConfigurationName = Release;
		};
		F203314423A7AD0300F24BD5 /* Build configuration list for PBXNativeTarget "WebFilmChallangeTests" */ = {
			isa = XCConfigurationList;
			buildConfigurations = (
				F203314523A7AD0300F24BD5 /* Debug */,
				F203314623A7AD0300F24BD5 /* Release */,
			);
			defaultConfigurationIsVisible = 0;
			defaultConfigurationName = Release;
		};
		F203314723A7AD0300F24BD5 /* Build configuration list for PBXNativeTarget "WebFilmChallangeUITests" */ = {
			isa = XCConfigurationList;
			buildConfigurations = (
				F203314823A7AD0300F24BD5 /* Debug */,
				F203314923A7AD0300F24BD5 /* Release */,
			);
			defaultConfigurationIsVisible = 0;
			defaultConfigurationName = Release;
		};
/* End XCConfigurationList section */
	};
	rootObject = F203310F23A7AD0300F24BD5 /* Project object */;
}
